
Microsoft Visual Studio Solution File, Format Version 12.00
# Visual Studio Version 16
VisualStudioVersion = 16.0.32413.511
MinimumVisualStudioVersion = 10.0.40219.1
Project("{FAE04EC0-301F-11D3-BF4B-00C04F79EFBC}") = "MakeGenrePlaylist", "MakeGenrePlaylist.csproj", "{AE1C99F0-F565-4B1B-91DB-F264B083D6D0}"
EndProject
Global
	GlobalSection(SolutionConfigurationPlatforms) = preSolution
		Debug|Any CPU = Debug|Any CPU
		Release|Any CPU = Release|Any CPU
	EndGlobalSection
	GlobalSection(ProjectConfigurationPlatforms) = postSolution
		{AE1C99F0-F565-4B1B-91DB-F264B083D6D0}.Debug|Any CPU.ActiveCfg = Debug|Any CPU
		{AE1C99F0-F565-4B1B-91DB-F264B083D6D0}.Debug|Any CPU.Build.0 = Debug|Any CPU
		{AE1C99F0-F565-4B1B-91DB-F264B083D6D0}.Release|Any CPU.ActiveCfg = Release|Any CPU
		{AE1C99F0-F565-4B1B-91DB-F264B083D6D0}.Release|Any CPU.Build.0 = Release|Any CPU
	EndGlobalSection
	GlobalSection(SolutionProperties) = preSolution
		HideSolutionNode = FALSE
	EndGlobalSection
	GlobalSection(ExtensibilityGlobals) = postSolution
		SolutionGuid = {161F4751-90C2-49FF-A261-68403F4DCAE3}
	EndGlobalSection
EndGlobal
